{
  "version": 4,
  "terraform_version": "1.1.6",
  "serial": 15,
  "lineage": "7ebdbc4d-f06a-9301-e6bd-de66e41b6fcf",
  "outputs": {},
  "resources": [
    {
      "mode": "managed",
      "type": "exoscale_security_group",
      "name": "sks",
      "provider": "provider[\"registry.terraform.io/exoscale/exoscale\"]",
      "instances": [
        {
          "schema_version": 1,
          "attributes": {
            "description": "",
            "external_sources": null,
            "id": "5d540d44-5fbe-47d3-acc9-77222c709fcb",
            "name": "dev-sks",
            "timeouts": null
          },
          "sensitive_attributes": [],
          "private": "eyJlMmJmYjczMC1lY2FhLTExZTYtOGY4OC0zNDM2M2JjN2M0YzAiOnsiY3JlYXRlIjozMDAwMDAwMDAwMDAsImRlbGV0ZSI6MzAwMDAwMDAwMDAwLCJyZWFkIjozMDAwMDAwMDAwMDB9LCJzY2hlbWFfdmVyc2lvbiI6IjEifQ=="
        }
      ]
    },
    {
      "mode": "managed",
      "type": "exoscale_security_group_rules",
      "name": "sks",
      "provider": "provider[\"registry.terraform.io/exoscale/exoscale\"]",
      "instances": [
        {
          "schema_version": 2,
          "attributes": {
            "egress": [],
            "id": "5577006791947779410",
            "ingress": [
              {
                "cidr_list": [
                  "0.0.0.0/0",
                  "::/0"
                ],
                "description": "NodePort services",
                "icmp_code": 0,
                "icmp_type": 0,
                "ids": [
                  "05461035-903f-401b-8943-8cb0afbc1d7b_tcp_0.0.0.0/0_30000-32767",
                  "2b73d480-4597-44ad-b00f-9952e285069d_tcp_::/0_30000-32767"
                ],
                "ports": [
                  "30000-32767"
                ],
                "protocol": "TCP",
                "user_security_group_list": []
              },
              {
                "cidr_list": [
                  "0.0.0.0/0",
                  "::/0"
                ],
                "description": "Nodes logs/exec",
                "icmp_code": 0,
                "icmp_type": 0,
                "ids": [
                  "5904c381-d9ff-43c4-bf53-b91a93a9936b_tcp_::/0_10250-10250",
                  "f5424395-ee3b-42d8-9d6e-469c8b4c6ce9_tcp_0.0.0.0/0_10250-10250"
                ],
                "ports": [
                  "10250"
                ],
                "protocol": "TCP",
                "user_security_group_list": []
              },
              {
                "cidr_list": [],
                "description": "Calico traffic",
                "icmp_code": 0,
                "icmp_type": 0,
                "ids": [
                  "ac6e791a-bb8e-416f-9cf8-760828acb484_udp_dev-sks_4789-4789"
                ],
                "ports": [
                  "4789"
                ],
                "protocol": "UDP",
                "user_security_group_list": [
                  "dev-sks"
                ]
              }
            ],
            "security_group": "dev-sks",
            "security_group_id": "5d540d44-5fbe-47d3-acc9-77222c709fcb",
            "timeouts": null
          },
          "sensitive_attributes": [],
          "private": "eyJlMmJmYjczMC1lY2FhLTExZTYtOGY4OC0zNDM2M2JjN2M0YzAiOnsiY3JlYXRlIjozMDAwMDAwMDAwMDAsImRlbGV0ZSI6MzAwMDAwMDAwMDAwLCJyZWFkIjozMDAwMDAwMDAwMDAsInVwZGF0ZSI6MzAwMDAwMDAwMDAwfSwic2NoZW1hX3ZlcnNpb24iOiIyIn0=",
          "dependencies": [
            "exoscale_security_group.sks"
          ]
        }
      ]
    },
    {
      "mode": "managed",
      "type": "exoscale_sks_cluster",
      "name": "cluster",
      "provider": "provider[\"registry.terraform.io/exoscale/exoscale\"]",
      "instances": [
        {
          "schema_version": 0,
          "attributes": {
            "addons": [
              "exoscale-cloud-controller",
              "metrics-server"
            ],
            "auto_upgrade": false,
            "cni": "calico",
            "created_at": "2022-10-20 19:22:04 +0000 UTC",
            "description": "",
            "endpoint": "https://a30f637c-9799-49de-b44b-21db1744fa64.sks-at-vie-1.exo.io",
            "exoscale_ccm": true,
            "id": "a30f637c-9799-49de-b44b-21db1744fa64",
            "labels": null,
            "metrics_server": true,
            "name": "dev-sks",
            "nodepools": [],
            "oidc": null,
            "service_level": "starter",
            "state": "running",
            "timeouts": null,
            "version": "1.25.1",
            "zone": "at-vie-1"
          },
          "sensitive_attributes": [],
          "private": "eyJlMmJmYjczMC1lY2FhLTExZTYtOGY4OC0zNDM2M2JjN2M0YzAiOnsiY3JlYXRlIjozMDAwMDAwMDAwMDAsImRlbGV0ZSI6MzAwMDAwMDAwMDAwLCJyZWFkIjozMDAwMDAwMDAwMDAsInVwZGF0ZSI6MzAwMDAwMDAwMDAwfX0=",
          "dependencies": [
            "exoscale_security_group.sks"
          ]
        }
      ]
    },
    {
      "mode": "managed",
      "type": "exoscale_sks_nodepool",
      "name": "nodepool",
      "provider": "provider[\"registry.terraform.io/exoscale/exoscale\"]",
      "instances": [
        {
          "schema_version": 0,
          "attributes": {
            "anti_affinity_group_ids": null,
            "cluster_id": "a30f637c-9799-49de-b44b-21db1744fa64",
            "created_at": "2022-10-20 19:23:23 +0000 UTC",
            "deploy_target_id": "",
            "description": "",
            "disk_size": 50,
            "id": "4f91dd20-7bf1-4c12-ac5c-5058ea319cca",
            "instance_pool_id": "0eebd1be-8699-4573-9043-f1481658e4bb",
            "instance_prefix": "default-medium",
            "instance_type": "standard.medium",
            "labels": null,
            "name": "dev-sks-nodepool",
            "private_network_ids": null,
            "security_group_ids": [
              "5d540d44-5fbe-47d3-acc9-77222c709fcb"
            ],
            "size": 1,
            "state": "running",
            "taints": null,
            "template_id": "64208cf3-537e-4157-9839-1a30f5be99d8",
            "timeouts": null,
            "version": "1.25.1",
            "zone": "at-vie-1"
          },
          "sensitive_attributes": [],
          "private": "eyJlMmJmYjczMC1lY2FhLTExZTYtOGY4OC0zNDM2M2JjN2M0YzAiOnsiY3JlYXRlIjozMDAwMDAwMDAwMDAsImRlbGV0ZSI6MzAwMDAwMDAwMDAwLCJyZWFkIjozMDAwMDAwMDAwMDAsInVwZGF0ZSI6MzAwMDAwMDAwMDAwfX0=",
          "dependencies": [
            "exoscale_security_group.sks",
            "exoscale_sks_cluster.cluster"
          ]
        }
      ]
    }
  ]
}
