{
  "version": 4,
  "terraform_version": "1.1.6",
  "serial": 5,
  "lineage": "7ebdbc4d-f06a-9301-e6bd-de66e41b6fcf",
  "outputs": {},
  "resources": [
    {
      "mode": "managed",
      "type": "exoscale_security_group",
      "name": "sks",
      "provider": "provider[\"registry.terraform.io/exoscale/exoscale\"]",
      "instances": [
        {
          "schema_version": 1,
          "attributes": {
            "description": "",
            "external_sources": null,
            "id": "4670b870-d378-46c2-9c82-2a463ecbcb96",
            "name": "dev-sks",
            "timeouts": null
          },
          "sensitive_attributes": [],
          "private": "eyJlMmJmYjczMC1lY2FhLTExZTYtOGY4OC0zNDM2M2JjN2M0YzAiOnsiY3JlYXRlIjozMDAwMDAwMDAwMDAsImRlbGV0ZSI6MzAwMDAwMDAwMDAwLCJyZWFkIjozMDAwMDAwMDAwMDB9LCJzY2hlbWFfdmVyc2lvbiI6IjEifQ=="
        }
      ]
    },
    {
      "mode": "managed",
      "type": "exoscale_security_group_rules",
      "name": "sks",
      "provider": "provider[\"registry.terraform.io/exoscale/exoscale\"]",
      "instances": [
        {
          "schema_version": 2,
          "attributes": {
            "egress": [],
            "id": "5577006791947779410",
            "ingress": [
              {
                "cidr_list": [
                  "0.0.0.0/0",
                  "::/0"
                ],
                "description": "NodePort services",
                "icmp_code": 0,
                "icmp_type": 0,
                "ids": [
                  "42efa506-1146-4bd9-8193-0afe340f2382_tcp_0.0.0.0/0_30000-32767",
                  "705c1223-fbea-47e2-9600-e7176d970a90_tcp_::/0_30000-32767"
                ],
                "ports": [
                  "30000-32767"
                ],
                "protocol": "TCP",
                "user_security_group_list": []
              },
              {
                "cidr_list": [
                  "0.0.0.0/0",
                  "::/0"
                ],
                "description": "Nodes logs/exec",
                "icmp_code": 0,
                "icmp_type": 0,
                "ids": [
                  "96402706-23fe-411f-80f0-cf91dcc6e028_tcp_::/0_10250-10250",
                  "cb6d888c-a80c-47d7-ad6e-3f403a4cc83f_tcp_0.0.0.0/0_10250-10250"
                ],
                "ports": [
                  "10250"
                ],
                "protocol": "TCP",
                "user_security_group_list": []
              },
              {
                "cidr_list": [],
                "description": "Calico traffic",
                "icmp_code": 0,
                "icmp_type": 0,
                "ids": [
                  "6e248147-4f25-4e11-800a-ffa7feb1e6c8_udp_dev-sks_4789-4789"
                ],
                "ports": [
                  "4789"
                ],
                "protocol": "UDP",
                "user_security_group_list": [
                  "dev-sks"
                ]
              }
            ],
            "security_group": "dev-sks",
            "security_group_id": "4670b870-d378-46c2-9c82-2a463ecbcb96",
            "timeouts": null
          },
          "sensitive_attributes": [],
          "private": "eyJlMmJmYjczMC1lY2FhLTExZTYtOGY4OC0zNDM2M2JjN2M0YzAiOnsiY3JlYXRlIjozMDAwMDAwMDAwMDAsImRlbGV0ZSI6MzAwMDAwMDAwMDAwLCJyZWFkIjozMDAwMDAwMDAwMDAsInVwZGF0ZSI6MzAwMDAwMDAwMDAwfSwic2NoZW1hX3ZlcnNpb24iOiIyIn0=",
          "dependencies": [
            "exoscale_security_group.sks"
          ]
        }
      ]
    },
    {
      "mode": "managed",
      "type": "exoscale_sks_cluster",
      "name": "cluster",
      "provider": "provider[\"registry.terraform.io/exoscale/exoscale\"]",
      "instances": [
        {
          "schema_version": 0,
          "attributes": {
            "addons": [
              "exoscale-cloud-controller",
              "metrics-server"
            ],
            "auto_upgrade": false,
            "cni": "calico",
            "created_at": "2022-10-19 21:35:22 +0000 UTC",
            "description": "",
            "endpoint": "https://f5edb41e-5f8b-45e6-8990-4776eb72c752.sks-at-vie-1.exo.io",
            "exoscale_ccm": true,
            "id": "f5edb41e-5f8b-45e6-8990-4776eb72c752",
            "labels": null,
            "metrics_server": true,
            "name": "dev-sks",
            "nodepools": [],
            "oidc": null,
            "service_level": "starter",
            "state": "running",
            "timeouts": null,
            "version": "1.25.1",
            "zone": "at-vie-1"
          },
          "sensitive_attributes": [],
          "private": "eyJlMmJmYjczMC1lY2FhLTExZTYtOGY4OC0zNDM2M2JjN2M0YzAiOnsiY3JlYXRlIjozMDAwMDAwMDAwMDAsImRlbGV0ZSI6MzAwMDAwMDAwMDAwLCJyZWFkIjozMDAwMDAwMDAwMDAsInVwZGF0ZSI6MzAwMDAwMDAwMDAwfX0=",
          "dependencies": [
            "exoscale_security_group.sks"
          ]
        }
      ]
    },
    {
      "mode": "managed",
      "type": "exoscale_sks_nodepool",
      "name": "nodepool",
      "provider": "provider[\"registry.terraform.io/exoscale/exoscale\"]",
      "instances": [
        {
          "schema_version": 0,
          "attributes": {
            "anti_affinity_group_ids": null,
            "cluster_id": "f5edb41e-5f8b-45e6-8990-4776eb72c752",
            "created_at": "2022-10-19 21:36:52 +0000 UTC",
            "deploy_target_id": "",
            "description": "",
            "disk_size": 50,
            "id": "a27f10a5-e5bc-49e7-b01e-ea2b2c74da8b",
            "instance_pool_id": "6c358f57-0746-4429-b1af-91d9ec8fc3b6",
            "instance_prefix": "default-medium",
            "instance_type": "standard.medium",
            "labels": null,
            "name": "dev-sks-nodepool",
            "private_network_ids": null,
            "security_group_ids": [
              "4670b870-d378-46c2-9c82-2a463ecbcb96"
            ],
            "size": 1,
            "state": "running",
            "taints": null,
            "template_id": "64208cf3-537e-4157-9839-1a30f5be99d8",
            "timeouts": null,
            "version": "1.25.1",
            "zone": "at-vie-1"
          },
          "sensitive_attributes": [],
          "private": "eyJlMmJmYjczMC1lY2FhLTExZTYtOGY4OC0zNDM2M2JjN2M0YzAiOnsiY3JlYXRlIjozMDAwMDAwMDAwMDAsImRlbGV0ZSI6MzAwMDAwMDAwMDAwLCJyZWFkIjozMDAwMDAwMDAwMDAsInVwZGF0ZSI6MzAwMDAwMDAwMDAwfX0=",
          "dependencies": [
            "exoscale_security_group.sks",
            "exoscale_sks_cluster.cluster"
          ]
        }
      ]
    }
  ]
}
